// !$*UTF8*$!
{
	archiveVersion = 1;
	classes = {
	};
	objectVersion = 46;
	objects = {

/* Begin PBXBuildFile section */
		469B7A111E8A326600737F89 /* SOPrivateFirstLib.h in Headers */ = {isa = PBXBuildFile; fileRef = 469B7A0F1E8A326600737F89 /* SOPrivateFirstLib.h */; settings = {ATTRIBUTES = (Public, ); }; };
		469B7A1B1E8A32BF00737F89 /* TestMode.h in Headers */ = {isa = PBXBuildFile; fileRef = 469B7A171E8A32BF00737F89 /* TestMode.h */; };
		469B7A1C1E8A32BF00737F89 /* TestMode.m in Sources */ = {isa = PBXBuildFile; fileRef = 469B7A181E8A32BF00737F89 /* TestMode.m */; };
		469B7A1D1E8A32BF00737F89 /* YONetwork.h in Headers */ = {isa = PBXBuildFile; fileRef = 469B7A191E8A32BF00737F89 /* YONetwork.h */; };
		469B7A1E1E8A32BF00737F89 /* YONetwork.m in Sources */ = {isa = PBXBuildFile; fileRef = 469B7A1A1E8A32BF00737F89 /* YONetwork.m */; };
/* End PBXBuildFile section */

/* Begin PBXFileReference section */
		469B7A0C1E8A326600737F89 /* SOPrivateFirstLib.framework */ = {isa = PBXFileReference; explicitFileType = wrapper.framework; includeInIndex = 0; path = SOPrivateFirstLib.framework; sourceTree = BUILT_PRODUCTS_DIR; };
		469B7A0F1E8A326600737F89 /* SOPrivateFirstLib.h */ = {isa = PBXFileReference; lastKnownFileType = sourcecode.c.h; path = SOPrivateFirstLib.h; sourceTree = "<group>"; };
		469B7A101E8A326600737F89 /* Info.plist */ = {isa = PBXFileReference; lastKnownFileType = text.plist.xml; path = Info.plist; sourceTree = "<group>"; };
		469B7A171E8A32BF00737F89 /* TestMode.h */ = {isa = PBXFileReference; fileEncoding = 4; lastKnownFileType = sourcecode.c.h; path = TestMode.h; sourceTree = "<group>"; };
		469B7A181E8A32BF00737F89 /* TestMode.m */ = {isa = PBXFileReference; fileEncoding = 4; lastKnownFileType = sourcecode.c.objc; path = TestMode.m; sourceTree = "<group>"; };
		469B7A191E8A32BF00737F89 /* YONetwork.h */ = {isa = PBXFileReference; fileEncoding = 4; lastKnownFileType = sourcecode.c.h; path = YONetwork.h; sourceTree = "<group>"; };
		469B7A1A1E8A32BF00737F89 /* YONetwork.m */ = {isa = PBXFileReference; fileEncoding = 4; lastKnownFileType = sourcecode.c.objc; path = YONetwork.m; sourceTree = "<group>"; };
/* End PBXFileReference section */

/* Begin PBXFrameworksBuildPhase section */
		469B7A081E8A326600737F89 /* Frameworks */ = {
			isa = PBXFrameworksBuildPhase;
			buildActionMask = 2147483647;
			files = (
			);
			runOnlyForDeploymentPostprocessing = 0;
		};
/* End PBXFrameworksBuildPhase section */

/* Begin PBXGroup section */
		469B7A021E8A326600737F89 = {
			isa = PBXGroup;
			children = (
				469B7A0E1E8A326600737F89 /* SOPrivateFirstLib */,
				469B7A0D1E8A326600737F89 /* Products */,
			);
			sourceTree = "<group>";
		};
		469B7A0D1E8A326600737F89 /* Products */ = {
			isa = PBXGroup;
			children = (
				469B7A0C1E8A326600737F89 /* SOPrivateFirstLib.framework */,
			);
			name = Products;
			sourceTree = "<group>";
		};
		469B7A0E1E8A326600737F89 /* SOPrivateFirstLib */ = {
			isa = PBXGroup;
			children = (
				469B7A0F1E8A326600737F89 /* SOPrivateFirstLib.h */,
				469B7A171E8A32BF00737F89 /* TestMode.h */,
				469B7A181E8A32BF00737F89 /* TestMode.m */,
				469B7A191E8A32BF00737F89 /* YONetwork.h */,
				469B7A1A1E8A32BF00737F89 /* YONetwork.m */,
				469B7A101E8A326600737F89 /* Info.plist */,
			);
			path = SOPrivateFirstLib;
			sourceTree = "<group>";
		};
/* End PBXGroup section */

/* Begin PBXHeadersBuildPhase section */
		469B7A091E8A326600737F89 /* Headers */ = {
			isa = PBXHeadersBuildPhase;
			buildActionMask = 2147483647;
			files = (
				469B7A111E8A326600737F89 /* SOPrivateFirstLib.h in Headers */,
				469B7A1D1E8A32BF00737F89 /* YONetwork.h in Headers */,
				469B7A1B1E8A32BF00737F89 /* TestMode.h in Headers */,
			);
			runOnlyForDeploymentPostprocessing = 0;
		};
/* End PBXHeadersBuildPhase section */

/* Begin PBXNativeTarget section */
		469B7A0B1E8A326600737F89 /* SOPrivateFirstLib */ = {
			isa = PBXNativeTarget;
			buildConfigurationList = 469B7A141E8A326600737F89 /* Build configuration list for PBXNativeTarget "SOPrivateFirstLib" */;
			buildPhases = (
				469B7A071E8A326600737F89 /* Sources */,
				469B7A081E8A326600737F89 /* Frameworks */,
				469B7A091E8A326600737F89 /* Headers */,
				469B7A0A1E8A326600737F89 /* Resources */,
			);
			buildRules = (
			);
			dependencies = (
			);
			name = SOPrivateFirstLib;
			productName = SOPrivateFirstLib;
			productReference = 469B7A0C1E8A326600737F89 /* SOPrivateFirstLib.framework */;
			productType = "com.apple.product-type.framework";
		};
/* End PBXNativeTarget section */

/* Begin PBXProject section */
		469B7A031E8A326600737F89 /* Project object */ = {
			isa = PBXProject;
			attributes = {
				LastUpgradeCheck = 0820;
				ORGANIZATIONNAME = occ;
				TargetAttributes = {
					469B7A0B1E8A326600737F89 = {
						CreatedOnToolsVersion = 8.2.1;
						ProvisioningStyle = Automatic;
					};
				};
			};
			buildConfigurationList = 469B7A061E8A326600737F89 /* Build configuration list for PBXProject "SOPrivateFirstLib" */;
			compatibilityVersion = "Xcode 3.2";
			developmentRegion = English;
			hasScannedForEncodings = 0;
			knownRegions = (
				en,
			);
			mainGroup = 469B7A021E8A326600737F89;
			productRefGroup = 469B7A0D1E8A326600737F89 /* Products */;
			projectDirPath = "";
			projectRoot = "";
			targets = (
				469B7A0B1E8A326600737F89 /* SOPrivateFirstLib */,
			);
		};
/* End PBXProject section */

/* Begin PBXResourcesBuildPhase section */
		469B7A0A1E8A326600737F89 /* Resources */ = {
			isa = PBXResourcesBuildPhase;
			buildActionMask = 2147483647;
			files = (
			);
			runOnlyForDeploymentPostprocessing = 0;
		};
/* End PBXResourcesBuildPhase section */

/* Begin PBXSourcesBuildPhase section */
		469B7A071E8A326600737F89 /* Sources */ = {
			isa = PBXSourcesBuildPhase;
			buildActionMask = 2147483647;
			files = (
				469B7A1E1E8A32BF00737F89 /* YONetwork.m in Sources */,
				469B7A1C1E8A32BF00737F89 /* TestMode.m in Sources */,
			);
			runOnlyForDeploymentPostprocessing = 0;
		};
/* End PBXSourcesBuildPhase section */

/* Begin XCBuildConfiguration section */
		469B7A121E8A326600737F89 /* Debug */ = {
			isa = XCBuildConfiguration;
			buildSettings = {
				ALWAYS_SEARCH_USER_PATHS = NO;
				CLANG_ANALYZER_NONNULL = YES;
				CLANG_CXX_LANGUAGE_STANDARD = "gnu++0x";
				CLANG_CXX_LIBRARY = "libc++";
				CLANG_ENABLE_MODULES = YES;
				CLANG_ENABLE_OBJC_ARC = YES;
				CLANG_WARN_BOOL_CONVERSION = YES;
				CLANG_WARN_CONSTANT_CONVERSION = YES;
				CLANG_WARN_DIRECT_OBJC_ISA_USAGE = YES_ERROR;
				CLANG_WARN_DOCUMENTATION_COMMENTS = YES;
				CLANG_WARN_EMPTY_BODY = YES;
				CLANG_WARN_ENUM_CONVERSION = YES;
				CLANG_WARN_INFINITE_RECURSION = YES;
				CLANG_WARN_INT_CONVERSION = YES;
				CLANG_WARN_OBJC_ROOT_CLASS = YES_ERROR;
				CLANG_WARN_SUSPICIOUS_MOVE = YES;
				CLANG_WARN_UNREACHABLE_CODE = YES;
				CLANG_WARN__DUPLICATE_METHOD_MATCH = YES;
				"CODE_SIGN_IDENTITY[sdk=iphoneos*]" = "iPhone Developer";
				COPY_PHASE_STRIP = NO;
				CURRENT_PROJECT_VERSION = 1;
				DEBUG_INFORMATION_FORMAT = dwarf;
				ENABLE_STRICT_OBJC_MSGSEND = YES;
				ENABLE_TESTABILITY = YES;
				GCC_C_LANGUAGE_STANDARD = gnu99;
				GCC_DYNAMIC_NO_PIC = NO;
				GCC_NO_COMMON_BLOCKS = YES;
				GCC_OPTIMIZATION_LEVEL = 0;
				GCC_PREPROCESSOR_DEFINITIONS = (
					"DEBUG=1",
					"$(inherited)",
				);
				GCC_WARN_64_TO_32_BIT_CONVERSION = YES;
				GCC_WARN_ABOUT_RETURN_TYPE = YES_ERROR;
				GCC_WARN_UNDECLARED_SELECTOR = YES;
				GCC_WARN_UNINITIALIZED_AUTOS = YES_AGGRESSIVE;
				GCC_WARN_UNUSED_FUNCTION = YES;
				GCC_WARN_UNUSED_VARIABLE = YES;
				IPHONEOS_DEPLOYMENT_TARGET = 10.2;
				MTL_ENABLE_DEBUG_INFO = YES;
				ONLY_ACTIVE_ARCH = YES;
				SDKROOT = iphoneos;
				TARGETED_DEVICE_FAMILY = "1,2";
				VERSIONING_SYSTEM = "apple-generic";
				VERSION_INFO_PREFIX = "";
			};
			name = Debug;
		};
		469B7A131E8A326600737F89 /* Release */ = {
			isa = XCBuildConfiguration;
			buildSettings = {
				ALWAYS_SEARCH_USER_PATHS = NO;
				CLANG_ANALYZER_NONNULL = YES;
				CLANG_CXX_LANGUAGE_STANDARD = "gnu++0x";
				CLANG_CXX_LIBRARY = "libc++";
				CLANG_ENABLE_MODULES = YES;
				CLANG_ENABLE_OBJC_ARC = YES;
				CLANG_WARN_BOOL_CONVERSION = YES;
				CLANG_WARN_CONSTANT_CONVERSION = YES;
				CLANG_WARN_DIRECT_OBJC_ISA_USAGE = YES_ERROR;
				CLANG_WARN_DOCUMENTATION_COMMENTS = YES;
				CLANG_WARN_EMPTY_BODY = YES;
				CLANG_WARN_ENUM_CONVERSION = YES;
				CLANG_WARN_INFINITE_RECURSION = YES;
				CLANG_WARN_INT_CONVERSION = YES;
				CLANG_WARN_OBJC_ROOT_CLASS = YES_ERROR;
				CLANG_WARN_SUSPICIOUS_MOVE = YES;
				CLANG_WARN_UNREACHABLE_CODE = YES;
				CLANG_WARN__DUPLICATE_METHOD_MATCH = YES;
				"CODE_SIGN_IDENTITY[sdk=iphoneos*]" = "iPhone Developer";
				COPY_PHASE_STRIP = NO;
				CURRENT_PROJECT_VERSION = 1;
				DEBUG_INFORMATION_FORMAT = "dwarf-with-dsym";
				ENABLE_NS_ASSERTIONS = NO;
				ENABLE_STRICT_OBJC_MSGSEND = YES;
				GCC_C_LANGUAGE_STANDARD = gnu99;
				GCC_NO_COMMON_BLOCKS = YES;
				GCC_WARN_64_TO_32_BIT_CONVERSION = YES;
				GCC_WARN_ABOUT_RETURN_TYPE = YES_ERROR;
				GCC_WARN_UNDECLARED_SELECTOR = YES;
				GCC_WARN_UNINITIALIZED_AUTOS = YES_AGGRESSIVE;
				GCC_WARN_UNUSED_FUNCTION = YES;
				GCC_WARN_UNUSED_VARIABLE = YES;
				IPHONEOS_DEPLOYMENT_TARGET = 10.2;
				MTL_ENABLE_DEBUG_INFO = NO;
				SDKROOT = iphoneos;
				TARGETED_DEVICE_FAMILY = "1,2";
				VALIDATE_PRODUCT = YES;
				VERSIONING_SYSTEM = "apple-generic";
				VERSION_INFO_PREFIX = "";
			};
			name = Release;
		};
		469B7A151E8A326600737F89 /* Debug */ = {
			isa = XCBuildConfiguration;
			buildSettings = {
				CODE_SIGN_IDENTITY = "";
				DEFINES_MODULE = YES;
				DYLIB_COMPATIBILITY_VERSION = 1;
				DYLIB_CURRENT_VERSION = 1;
				DYLIB_INSTALL_NAME_BASE = "@rpath";
				INFOPLIST_FILE = SOPrivateFirstLib/Info.plist;
				INSTALL_PATH = "$(LOCAL_LIBRARY_DIR)/Frameworks";
				IPHONEOS_DEPLOYMENT_TARGET = 8.0;
				LD_RUNPATH_SEARCH_PATHS = "$(inherited) @executable_path/Frameworks @loader_path/Frameworks";
				PRODUCT_BUNDLE_IDENTIFIER = com.ff.SOPrivateFirstLib;
				PRODUCT_NAME = "$(TARGET_NAME)";
				SKIP_INSTALL = YES;
			};
			name = Debug;
		};
		469B7A161E8A326600737F89 /* Release */ = {
			isa = XCBuildConfiguration;
			buildSettings = {
				CODE_SIGN_IDENTITY = "";
				DEFINES_MODULE = YES;
				DYLIB_COMPATIBILITY_VERSION = 1;
				DYLIB_CURRENT_VERSION = 1;
				DYLIB_INSTALL_NAME_BASE = "@rpath";
				INFOPLIST_FILE = SOPrivateFirstLib/Info.plist;
				INSTALL_PATH = "$(LOCAL_LIBRARY_DIR)/Frameworks";
				IPHONEOS_DEPLOYMENT_TARGET = 8.0;
				LD_RUNPATH_SEARCH_PATHS = "$(inherited) @executable_path/Frameworks @loader_path/Frameworks";
				PRODUCT_BUNDLE_IDENTIFIER = com.ff.SOPrivateFirstLib;
				PRODUCT_NAME = "$(TARGET_NAME)";
				SKIP_INSTALL = YES;
			};
			name = Release;
		};
/* End XCBuildConfiguration section */

/* Begin XCConfigurationList section */
		469B7A061E8A326600737F89 /* Build configuration list for PBXProject "SOPrivateFirstLib" */ = {
			isa = XCConfigurationList;
			buildConfigurations = (
				469B7A121E8A326600737F89 /* Debug */,
				469B7A131E8A326600737F89 /* Release */,
			);
			defaultConfigurationIsVisible = 0;
			defaultConfigurationName = Release;
		};
		469B7A141E8A326600737F89 /* Build configuration list for PBXNativeTarget "SOPrivateFirstLib" */ = {
			isa = XCConfigurationList;
			buildConfigurations = (
				469B7A151E8A326600737F89 /* Debug */,
				469B7A161E8A326600737F89 /* Release */,
			);
			defaultConfigurationIsVisible = 0;
		};
/* End XCConfigurationList section */
	};
	rootObject = 469B7A031E8A326600737F89 /* Project object */;
}
